
Microsoft Visual Studio Solution File, Format Version 12.00
# Visual Studio 15
VisualStudioVersion = 15.0.27130.2020
MinimumVisualStudioVersion = 10.0.40219.1
Project("{8BC9CEB8-8B4A-11D0-8D11-00A0C91BC942}") = "PTUT", "Projet\PTUT\PTUT.vcxproj", "{F5C1289F-74E6-42F9-90AF-0255DFCF5952}"
EndProject
Global
	GlobalSection(SolutionConfigurationPlatforms) = preSolution
		Debug|x64 = Debug|x64
		Debug|x86 = Debug|x86
		Release|x64 = Release|x64
		Release|x86 = Release|x86
	EndGlobalSection
	GlobalSection(ProjectConfigurationPlatforms) = postSolution
		{F5C1289F-74E6-42F9-90AF-0255DFCF5952}.Debug|x64.ActiveCfg = Debug|x64
		{F5C1289F-74E6-42F9-90AF-0255DFCF5952}.Debug|x64.Build.0 = Debug|x64
		{F5C1289F-74E6-42F9-90AF-0255DFCF5952}.Debug|x86.ActiveCfg = Debug|x64
		{F5C1289F-74E6-42F9-90AF-0255DFCF5952}.Release|x64.ActiveCfg = Release|x64
		{F5C1289F-74E6-42F9-90AF-0255DFCF5952}.Release|x64.Build.0 = Release|x64
		{F5C1289F-74E6-42F9-90AF-0255DFCF5952}.Release|x86.ActiveCfg = Release|x64
	EndGlobalSection
	GlobalSection(SolutionProperties) = preSolution
		HideSolutionNode = FALSE
	EndGlobalSection
	GlobalSection(ExtensibilityGlobals) = postSolution
		SolutionGuid = {6C5EBFF6-8638-411A-9A80-B6C64F4D6DBB}
	EndGlobalSection
EndGlobal
